# This file is automatically @generated by Poetry 1.6.1 and should not be changed by hand.

[[package]]
name = "argcomplete"
version = "3.2.2"
description = "Bash tab completion for argparse"
optional = false
python-versions = ">=3.8"
files = [
    {file = "argcomplete-3.2.2-py3-none-any.whl", hash = "sha256:e44f4e7985883ab3e73a103ef0acd27299dbfe2dfed00142c35d4ddd3005901d"},
    {file = "argcomplete-3.2.2.tar.gz", hash = "sha256:f3e49e8ea59b4026ee29548e24488af46e30c9de57d48638e24f54a1ea1000a2"},
]

[package.extras]
test = ["coverage", "mypy", "pexpect", "ruff", "wheel"]

[[package]]
name = "dnp3-python"
version = "0.2.3b3"
description = "pydnp3 -- python binding for opendnp3"
optional = false
python-versions = "*"
files = [
    {file = "dnp3_python-0.2.3b3-cp310-cp310-manylinux1_x86_64.whl", hash = "sha256:e041c0e80815d3f14462d8af4f5b5f72e9b1c4492c01d14ce3fb383a9a689ab0"},
    {file = "dnp3_python-0.2.3b3-cp38-cp38-manylinux1_x86_64.whl", hash = "sha256:33c771b0a0430d34773b1c8036fa6c65b4d70a77dee1b91ef048e2949483f7ca"},
    {file = "dnp3_python-0.2.3b3-cp39-cp39-manylinux1_x86_64.whl", hash = "sha256:55ac1d2089dc8865028576cd1be499c6693abd61da8ea0fdb8b98e38b7a736d7"},
]

[package.dependencies]
argcomplete = "*"

[metadata]
lock-version = "2.0"
python-versions = "^3.10"
content-hash = "b5c87dbc4310db6228cfa5260edfe4bdc72eafead7e289dfa9eef3da58fb0cce"
